
Microsoft Visual Studio Solution File, Format Version 12.00
# Visual Studio Version 17
VisualStudioVersion = 17.3.32922.545
MinimumVisualStudioVersion = 10.0.40219.1
Project("{FAE04EC0-301F-11D3-BF4B-00C04F79EFBC}") = "VoyadaManagement", "VoyadaManagement\VoyadaManagement.csproj", "{4192F62D-ACA4-476E-A698-F31458E162A5}"
EndProject
Project("{FAE04EC0-301F-11D3-BF4B-00C04F79EFBC}") = "IVoyadoManagement", "IVoyadoManagement\IVoyadoManagement.csproj", "{8B93094B-DB00-42D3-B3AF-EBA56B1E32E8}"
EndProject
Project("{FAE04EC0-301F-11D3-BF4B-00C04F79EFBC}") = "VoyadoMain", "VoyadoMain\VoyadoMain.csproj", "{CCC8CF00-7EA4-4A28-8890-9EF404457550}"
EndProject
Project("{2150E333-8FDC-42A3-9474-1A3956D46DE8}") = "Solution Items", "Solution Items", "{1D8DA7A9-5473-45C6-8BB6-7211928EC793}"
	ProjectSection(SolutionItems) = preProject
		ReadMe.txt = ReadMe.txt
	EndProjectSection
EndProject
Global
	GlobalSection(SolutionConfigurationPlatforms) = preSolution
		Debug|Any CPU = Debug|Any CPU
		Release|Any CPU = Release|Any CPU
	EndGlobalSection
	GlobalSection(ProjectConfigurationPlatforms) = postSolution
		{4192F62D-ACA4-476E-A698-F31458E162A5}.Debug|Any CPU.ActiveCfg = Debug|Any CPU
		{4192F62D-ACA4-476E-A698-F31458E162A5}.Debug|Any CPU.Build.0 = Debug|Any CPU
		{4192F62D-ACA4-476E-A698-F31458E162A5}.Release|Any CPU.ActiveCfg = Release|Any CPU
		{4192F62D-ACA4-476E-A698-F31458E162A5}.Release|Any CPU.Build.0 = Release|Any CPU
		{8B93094B-DB00-42D3-B3AF-EBA56B1E32E8}.Debug|Any CPU.ActiveCfg = Debug|Any CPU
		{8B93094B-DB00-42D3-B3AF-EBA56B1E32E8}.Debug|Any CPU.Build.0 = Debug|Any CPU
		{8B93094B-DB00-42D3-B3AF-EBA56B1E32E8}.Release|Any CPU.ActiveCfg = Release|Any CPU
		{8B93094B-DB00-42D3-B3AF-EBA56B1E32E8}.Release|Any CPU.Build.0 = Release|Any CPU
		{CCC8CF00-7EA4-4A28-8890-9EF404457550}.Debug|Any CPU.ActiveCfg = Debug|Any CPU
		{CCC8CF00-7EA4-4A28-8890-9EF404457550}.Debug|Any CPU.Build.0 = Debug|Any CPU
		{CCC8CF00-7EA4-4A28-8890-9EF404457550}.Release|Any CPU.ActiveCfg = Release|Any CPU
		{CCC8CF00-7EA4-4A28-8890-9EF404457550}.Release|Any CPU.Build.0 = Release|Any CPU
	EndGlobalSection
	GlobalSection(SolutionProperties) = preSolution
		HideSolutionNode = FALSE
	EndGlobalSection
	GlobalSection(ExtensibilityGlobals) = postSolution
		SolutionGuid = {5F025501-BC2E-45A7-8F2F-DA3B8F3D3711}
	EndGlobalSection
EndGlobal
